// !$*UTF8*$!
{
	archiveVersion = 1;
	classes = {
	};
	objectVersion = 46;
	objects = {

/* Begin PBXBuildFile section */
		81B9CF0D1C46CA8200C12090 /* main.m in Sources */ = {isa = PBXBuildFile; fileRef = 81B9CF0C1C46CA8200C12090 /* main.m */; };
		81B9CF101C46CA8200C12090 /* AppDelegate.m in Sources */ = {isa = PBXBuildFile; fileRef = 81B9CF0F1C46CA8200C12090 /* AppDelegate.m */; };
		81B9CF161C46CA8200C12090 /* Main.storyboard in Resources */ = {isa = PBXBuildFile; fileRef = 81B9CF141C46CA8200C12090 /* Main.storyboard */; };
		81B9CF181C46CA8200C12090 /* Assets.xcassets in Resources */ = {isa = PBXBuildFile; fileRef = 81B9CF171C46CA8200C12090 /* Assets.xcassets */; };
		81B9CF1B1C46CA8200C12090 /* LaunchScreen.storyboard in Resources */ = {isa = PBXBuildFile; fileRef = 81B9CF191C46CA8200C12090 /* LaunchScreen.storyboard */; };
		81B9CF241C46CA9D00C12090 /* PalindromeViewController.m in Sources */ = {isa = PBXBuildFile; fileRef = 81B9CF231C46CA9D00C12090 /* PalindromeViewController.m */; };
/* End PBXBuildFile section */

/* Begin PBXFileReference section */
		81B9CF081C46CA8200C12090 /* palindrome.app */ = {isa = PBXFileReference; explicitFileType = wrapper.application; includeInIndex = 0; path = palindrome.app; sourceTree = BUILT_PRODUCTS_DIR; };
		81B9CF0C1C46CA8200C12090 /* main.m */ = {isa = PBXFileReference; lastKnownFileType = sourcecode.c.objc; path = main.m; sourceTree = "<group>"; };
		81B9CF0E1C46CA8200C12090 /* AppDelegate.h */ = {isa = PBXFileReference; lastKnownFileType = sourcecode.c.h; path = AppDelegate.h; sourceTree = "<group>"; };
		81B9CF0F1C46CA8200C12090 /* AppDelegate.m */ = {isa = PBXFileReference; lastKnownFileType = sourcecode.c.objc; path = AppDelegate.m; sourceTree = "<group>"; };
		81B9CF151C46CA8200C12090 /* Base */ = {isa = PBXFileReference; lastKnownFileType = file.storyboard; name = Base; path = Base.lproj/Main.storyboard; sourceTree = "<group>"; };
		81B9CF171C46CA8200C12090 /* Assets.xcassets */ = {isa = PBXFileReference; lastKnownFileType = folder.assetcatalog; path = Assets.xcassets; sourceTree = "<group>"; };
		81B9CF1A1C46CA8200C12090 /* Base */ = {isa = PBXFileReference; lastKnownFileType = file.storyboard; name = Base; path = Base.lproj/LaunchScreen.storyboard; sourceTree = "<group>"; };
		81B9CF1C1C46CA8200C12090 /* Info.plist */ = {isa = PBXFileReference; lastKnownFileType = text.plist.xml; path = Info.plist; sourceTree = "<group>"; };
		81B9CF221C46CA9D00C12090 /* PalindromeViewController.h */ = {isa = PBXFileReference; fileEncoding = 4; lastKnownFileType = sourcecode.c.h; name = PalindromeViewController.h; path = ../PalindromeViewController.h; sourceTree = "<group>"; };
		81B9CF231C46CA9D00C12090 /* PalindromeViewController.m */ = {isa = PBXFileReference; fileEncoding = 4; lastKnownFileType = sourcecode.c.objc; name = PalindromeViewController.m; path = ../PalindromeViewController.m; sourceTree = "<group>"; };
/* End PBXFileReference section */

/* Begin PBXFrameworksBuildPhase section */
		81B9CF051C46CA8200C12090 /* Frameworks */ = {
			isa = PBXFrameworksBuildPhase;
			buildActionMask = 2147483647;
			files = (
			);
			runOnlyForDeploymentPostprocessing = 0;
		};
/* End PBXFrameworksBuildPhase section */

/* Begin PBXGroup section */
		81B9CEFF1C46CA8200C12090 = {
			isa = PBXGroup;
			children = (
				81B9CF0A1C46CA8200C12090 /* palindrome */,
				81B9CF091C46CA8200C12090 /* Products */,
			);
			sourceTree = "<group>";
		};
		81B9CF091C46CA8200C12090 /* Products */ = {
			isa = PBXGroup;
			children = (
				81B9CF081C46CA8200C12090 /* palindrome.app */,
			);
			name = Products;
			sourceTree = "<group>";
		};
		81B9CF0A1C46CA8200C12090 /* palindrome */ = {
			isa = PBXGroup;
			children = (
				81B9CF141C46CA8200C12090 /* Main.storyboard */,
				81B9CF221C46CA9D00C12090 /* PalindromeViewController.h */,
				81B9CF231C46CA9D00C12090 /* PalindromeViewController.m */,
				81B9CF171C46CA8200C12090 /* Assets.xcassets */,
				81B9CF191C46CA8200C12090 /* LaunchScreen.storyboard */,
				81B9CF1C1C46CA8200C12090 /* Info.plist */,
				81B9CF0B1C46CA8200C12090 /* Supporting Files */,
			);
			path = palindrome;
			sourceTree = "<group>";
		};
		81B9CF0B1C46CA8200C12090 /* Supporting Files */ = {
			isa = PBXGroup;
			children = (
				81B9CF0E1C46CA8200C12090 /* AppDelegate.h */,
				81B9CF0F1C46CA8200C12090 /* AppDelegate.m */,
				81B9CF0C1C46CA8200C12090 /* main.m */,
			);
			name = "Supporting Files";
			sourceTree = "<group>";
		};
/* End PBXGroup section */

/* Begin PBXNativeTarget section */
		81B9CF071C46CA8200C12090 /* palindrome */ = {
			isa = PBXNativeTarget;
			buildConfigurationList = 81B9CF1F1C46CA8200C12090 /* Build configuration list for PBXNativeTarget "palindrome" */;
			buildPhases = (
				81B9CF041C46CA8200C12090 /* Sources */,
				81B9CF051C46CA8200C12090 /* Frameworks */,
				81B9CF061C46CA8200C12090 /* Resources */,
			);
			buildRules = (
			);
			dependencies = (
			);
			name = palindrome;
			productName = palindrome;
			productReference = 81B9CF081C46CA8200C12090 /* palindrome.app */;
			productType = "com.apple.product-type.application";
		};
/* End PBXNativeTarget section */

/* Begin PBXProject section */
		81B9CF001C46CA8200C12090 /* Project object */ = {
			isa = PBXProject;
			attributes = {
				LastUpgradeCheck = 0720;
				ORGANIZATIONNAME = NoNonsense;
				TargetAttributes = {
					81B9CF071C46CA8200C12090 = {
						CreatedOnToolsVersion = 7.2;
					};
				};
			};
			buildConfigurationList = 81B9CF031C46CA8200C12090 /* Build configuration list for PBXProject "palindrome" */;
			compatibilityVersion = "Xcode 3.2";
			developmentRegion = English;
			hasScannedForEncodings = 0;
			knownRegions = (
				en,
				Base,
			);
			mainGroup = 81B9CEFF1C46CA8200C12090;
			productRefGroup = 81B9CF091C46CA8200C12090 /* Products */;
			projectDirPath = "";
			projectRoot = "";
			targets = (
				81B9CF071C46CA8200C12090 /* palindrome */,
			);
		};
/* End PBXProject section */

/* Begin PBXResourcesBuildPhase section */
		81B9CF061C46CA8200C12090 /* Resources */ = {
			isa = PBXResourcesBuildPhase;
			buildActionMask = 2147483647;
			files = (
				81B9CF1B1C46CA8200C12090 /* LaunchScreen.storyboard in Resources */,
				81B9CF181C46CA8200C12090 /* Assets.xcassets in Resources */,
				81B9CF161C46CA8200C12090 /* Main.storyboard in Resources */,
			);
			runOnlyForDeploymentPostprocessing = 0;
		};
/* End PBXResourcesBuildPhase section */

/* Begin PBXSourcesBuildPhase section */
		81B9CF041C46CA8200C12090 /* Sources */ = {
			isa = PBXSourcesBuildPhase;
			buildActionMask = 2147483647;
			files = (
				81B9CF241C46CA9D00C12090 /* PalindromeViewController.m in Sources */,
				81B9CF101C46CA8200C12090 /* AppDelegate.m in Sources */,
				81B9CF0D1C46CA8200C12090 /* main.m in Sources */,
			);
			runOnlyForDeploymentPostprocessing = 0;
		};
/* End PBXSourcesBuildPhase section */

/* Begin PBXVariantGroup section */
		81B9CF141C46CA8200C12090 /* Main.storyboard */ = {
			isa = PBXVariantGroup;
			children = (
				81B9CF151C46CA8200C12090 /* Base */,
			);
			name = Main.storyboard;
			sourceTree = "<group>";
		};
		81B9CF191C46CA8200C12090 /* LaunchScreen.storyboard */ = {
			isa = PBXVariantGroup;
			children = (
				81B9CF1A1C46CA8200C12090 /* Base */,
			);
			name = LaunchScreen.storyboard;
			sourceTree = "<group>";
		};
/* End PBXVariantGroup section */

/* Begin XCBuildConfiguration section */
		81B9CF1D1C46CA8200C12090 /* Debug */ = {
			isa = XCBuildConfiguration;
			buildSettings = {
				ALWAYS_SEARCH_USER_PATHS = NO;
				CLANG_CXX_LANGUAGE_STANDARD = "gnu++0x";
				CLANG_CXX_LIBRARY = "libc++";
				CLANG_ENABLE_MODULES = YES;
				CLANG_ENABLE_OBJC_ARC = YES;
				CLANG_WARN_BOOL_CONVERSION = YES;
				CLANG_WARN_CONSTANT_CONVERSION = YES;
				CLANG_WARN_DIRECT_OBJC_ISA_USAGE = YES_ERROR;
				CLANG_WARN_EMPTY_BODY = YES;
				CLANG_WARN_ENUM_CONVERSION = YES;
				CLANG_WARN_INT_CONVERSION = YES;
				CLANG_WARN_OBJC_ROOT_CLASS = YES_ERROR;
				CLANG_WARN_UNREACHABLE_CODE = YES;
				CLANG_WARN__DUPLICATE_METHOD_MATCH = YES;
				"CODE_SIGN_IDENTITY[sdk=iphoneos*]" = "iPhone Developer";
				COPY_PHASE_STRIP = NO;
				DEBUG_INFORMATION_FORMAT = dwarf;
				ENABLE_STRICT_OBJC_MSGSEND = YES;
				ENABLE_TESTABILITY = YES;
				GCC_C_LANGUAGE_STANDARD = gnu99;
				GCC_DYNAMIC_NO_PIC = NO;
				GCC_NO_COMMON_BLOCKS = YES;
				GCC_OPTIMIZATION_LEVEL = 0;
				GCC_PREPROCESSOR_DEFINITIONS = (
					"DEBUG=1",
					"$(inherited)",
				);
				GCC_WARN_64_TO_32_BIT_CONVERSION = YES;
				GCC_WARN_ABOUT_RETURN_TYPE = YES_ERROR;
				GCC_WARN_UNDECLARED_SELECTOR = YES;
				GCC_WARN_UNINITIALIZED_AUTOS = YES_AGGRESSIVE;
				GCC_WARN_UNUSED_FUNCTION = YES;
				GCC_WARN_UNUSED_VARIABLE = YES;
				IPHONEOS_DEPLOYMENT_TARGET = 9.2;
				MTL_ENABLE_DEBUG_INFO = YES;
				ONLY_ACTIVE_ARCH = YES;
				SDKROOT = iphoneos;
			};
			name = Debug;
		};
		81B9CF1E1C46CA8200C12090 /* Release */ = {
			isa = XCBuildConfiguration;
			buildSettings = {
				ALWAYS_SEARCH_USER_PATHS = NO;
				CLANG_CXX_LANGUAGE_STANDARD = "gnu++0x";
				CLANG_CXX_LIBRARY = "libc++";
				CLANG_ENABLE_MODULES = YES;
				CLANG_ENABLE_OBJC_ARC = YES;
				CLANG_WARN_BOOL_CONVERSION = YES;
				CLANG_WARN_CONSTANT_CONVERSION = YES;
				CLANG_WARN_DIRECT_OBJC_ISA_USAGE = YES_ERROR;
				CLANG_WARN_EMPTY_BODY = YES;
				CLANG_WARN_ENUM_CONVERSION = YES;
				CLANG_WARN_INT_CONVERSION = YES;
				CLANG_WARN_OBJC_ROOT_CLASS = YES_ERROR;
				CLANG_WARN_UNREACHABLE_CODE = YES;
				CLANG_WARN__DUPLICATE_METHOD_MATCH = YES;
				"CODE_SIGN_IDENTITY[sdk=iphoneos*]" = "iPhone Developer";
				COPY_PHASE_STRIP = NO;
				DEBUG_INFORMATION_FORMAT = "dwarf-with-dsym";
				ENABLE_NS_ASSERTIONS = NO;
				ENABLE_STRICT_OBJC_MSGSEND = YES;
				GCC_C_LANGUAGE_STANDARD = gnu99;
				GCC_NO_COMMON_BLOCKS = YES;
				GCC_WARN_64_TO_32_BIT_CONVERSION = YES;
				GCC_WARN_ABOUT_RETURN_TYPE = YES_ERROR;
				GCC_WARN_UNDECLARED_SELECTOR = YES;
				GCC_WARN_UNINITIALIZED_AUTOS = YES_AGGRESSIVE;
				GCC_WARN_UNUSED_FUNCTION = YES;
				GCC_WARN_UNUSED_VARIABLE = YES;
				IPHONEOS_DEPLOYMENT_TARGET = 9.2;
				MTL_ENABLE_DEBUG_INFO = NO;
				SDKROOT = iphoneos;
				VALIDATE_PRODUCT = YES;
			};
			name = Release;
		};
		81B9CF201C46CA8200C12090 /* Debug */ = {
			isa = XCBuildConfiguration;
			buildSettings = {
				ASSETCATALOG_COMPILER_APPICON_NAME = AppIcon;
				INFOPLIST_FILE = palindrome/Info.plist;
				LD_RUNPATH_SEARCH_PATHS = "$(inherited) @executable_path/Frameworks";
				PRODUCT_BUNDLE_IDENTIFIER = io.nononsense.palindrome;
				PRODUCT_NAME = "$(TARGET_NAME)";
			};
			name = Debug;
		};
		81B9CF211C46CA8200C12090 /* Release */ = {
			isa = XCBuildConfiguration;
			buildSettings = {
				ASSETCATALOG_COMPILER_APPICON_NAME = AppIcon;
				INFOPLIST_FILE = palindrome/Info.plist;
				LD_RUNPATH_SEARCH_PATHS = "$(inherited) @executable_path/Frameworks";
				PRODUCT_BUNDLE_IDENTIFIER = io.nononsense.palindrome;
				PRODUCT_NAME = "$(TARGET_NAME)";
			};
			name = Release;
		};
/* End XCBuildConfiguration section */

/* Begin XCConfigurationList section */
		81B9CF031C46CA8200C12090 /* Build configuration list for PBXProject "palindrome" */ = {
			isa = XCConfigurationList;
			buildConfigurations = (
				81B9CF1D1C46CA8200C12090 /* Debug */,
				81B9CF1E1C46CA8200C12090 /* Release */,
			);
			defaultConfigurationIsVisible = 0;
			defaultConfigurationName = Release;
		};
		81B9CF1F1C46CA8200C12090 /* Build configuration list for PBXNativeTarget "palindrome" */ = {
			isa = XCConfigurationList;
			buildConfigurations = (
				81B9CF201C46CA8200C12090 /* Debug */,
				81B9CF211C46CA8200C12090 /* Release */,
			);
			defaultConfigurationIsVisible = 0;
		};
/* End XCConfigurationList section */
	};
	rootObject = 81B9CF001C46CA8200C12090 /* Project object */;
}
